{
  "name": "@october/timeline",
  "version": "0.1.0",
  "lockfileVersion": 1,
  "requires": true,
  "dependencies": {
    "@types/raphael": {
      "version": "2.1.30",
      "resolved": "http://registry.npmjs.org/@types/raphael/-/raphael-2.1.30.tgz",
      "integrity": "sha1-dsvqSlVrol6xxtf6XnGsSOcvgc8="
    }
  }
}
